<?xml version="1.0" encoding="utf-8"?>
<Project ToolsVersion="4.0" xmlns="http://schemas.microsoft.com/developer/msbuild/2003">
  <ItemGroup>
    <Filter Include="Source Files">
      <UniqueIdentifier>{13fa8cbd-869c-4f7a-bf29-db1b04521809}</UniqueIdentifier>
      <Extensions>cpp;c;cxx;rc;def;r;odl;idl;hpj;bat</Extensions>
    </Filter>
    <Filter Include="Header Files">
      <UniqueIdentifier>{3b5bc341-ebdc-4443-acdd-801160ccfa92}</UniqueIdentifier>
      <Extensions>h;hpp;hxx;hm;inl</Extensions>
    </Filter>
    <Filter Include="Resource Files">
      <UniqueIdentifier>{58688735-8661-4c9a-b9a8-87eac93121d5}</UniqueIdentifier>
      <Extensions>ico;cur;bmp;dlg;rc2;rct;bin;rgs;gif;jpg;jpeg;jpe</Extensions>
    </Filter>
  </ItemGroup>
  <ItemGroup>
    <ClCompile Include="BCMenu.cpp">
      <Filter>Source Files</Filter>
    </ClCompile>
    <ClCompile Include="BtnST.cpp">
      <Filter>Source Files</Filter>
    </ClCompile>
    <ClCompile Include="CeXDib.cpp">
      <Filter>Source Files</Filter>
    </ClCompile>
    <ClCompile Include="ColorStatic.cpp">
      <Filter>Source Files</Filter>
    </ClCompile>
    <ClCompile Include="EditListCtrl.cpp">
      <Filter>Source Files</Filter>
    </ClCompile>
    <ClCompile Include="excel.cpp">
      <Filter>Source Files</Filter>
    </ClCompile>
    <ClCompile Include="FloatWnd.cpp">
      <Filter>Source Files</Filter>
    </ClCompile>
    <ClCompile Include="GetHardSoftInfo.cpp">
      <Filter>Source Files</Filter>
    </ClCompile>
    <ClCompile Include="HYPERLINK.CPP">
      <Filter>Source Files</Filter>
    </ClCompile>
    <ClCompile Include="ItemSetting.cpp">
      <Filter>Source Files</Filter>
    </ClCompile>
    <ClCompile Include="MainSetting.cpp">
      <Filter>Source Files</Filter>
    </ClCompile>
    <ClCompile Include="MD5Checksum.cpp">
      <Filter>Source Files</Filter>
    </ClCompile>
    <ClCompile Include="MusicSetting.cpp">
      <Filter>Source Files</Filter>
    </ClCompile>
    <ClCompile Include="RandLottery.cpp">
      <Filter>Source Files</Filter>
    </ClCompile>
    <ClCompile Include="RandLotteryDlg.cpp">
      <Filter>Source Files</Filter>
    </ClCompile>
    <ClCompile Include="Setting.cpp">
      <Filter>Source Files</Filter>
    </ClCompile>
    <ClCompile Include="ShadeButtonST.cpp">
      <Filter>Source Files</Filter>
    </ClCompile>
    <ClCompile Include="ShowResult.cpp">
      <Filter>Source Files</Filter>
    </ClCompile>
    <ClCompile Include="StdAfx.cpp">
      <Filter>Source Files</Filter>
    </ClCompile>
  </ItemGroup>
  <ItemGroup>
    <ResourceCompile Include="RandLottery.rc">
      <Filter>Source Files</Filter>
    </ResourceCompile>
  </ItemGroup>
  <ItemGroup>
    <ClInclude Include="BCMenu.h">
      <Filter>Header Files</Filter>
    </ClInclude>
    <ClInclude Include="BtnST.h">
      <Filter>Header Files</Filter>
    </ClInclude>
    <ClInclude Include="CeXDib.h">
      <Filter>Header Files</Filter>
    </ClInclude>
    <ClInclude Include="ColorStatic.h">
      <Filter>Header Files</Filter>
    </ClInclude>
    <ClInclude Include="EditListCtrl.h">
      <Filter>Header Files</Filter>
    </ClInclude>
    <ClInclude Include="excel.h">
      <Filter>Header Files</Filter>
    </ClInclude>
    <ClInclude Include="FloatWnd.h">
      <Filter>Header Files</Filter>
    </ClInclude>
    <ClInclude Include="GetHardSoftInfo.h">
      <Filter>Header Files</Filter>
    </ClInclude>
    <ClInclude Include="HYPERLINK.H">
      <Filter>Header Files</Filter>
    </ClInclude>
    <ClInclude Include="ItemSetting.h">
      <Filter>Header Files</Filter>
    </ClInclude>
    <ClInclude Include="MainSetting.h">
      <Filter>Header Files</Filter>
    </ClInclude>
    <ClInclude Include="MD5Checksum.h">
      <Filter>Header Files</Filter>
    </ClInclude>
    <ClInclude Include="MD5ChecksumDefines.h">
      <Filter>Header Files</Filter>
    </ClInclude>
    <ClInclude Include="MusicSetting.h">
      <Filter>Header Files</Filter>
    </ClInclude>
    <ClInclude Include="RandLottery.h">
      <Filter>Header Files</Filter>
    </ClInclude>
    <ClInclude Include="RandLotteryDlg.h">
      <Filter>Header Files</Filter>
    </ClInclude>
    <ClInclude Include="Resource.h">
      <Filter>Header Files</Filter>
    </ClInclude>
    <ClInclude Include="Setting.h">
      <Filter>Header Files</Filter>
    </ClInclude>
    <ClInclude Include="ShadeButtonST.h">
      <Filter>Header Files</Filter>
    </ClInclude>
    <ClInclude Include="ShowResult.h">
      <Filter>Header Files</Filter>
    </ClInclude>
    <ClInclude Include="StdAfx.h">
      <Filter>Header Files</Filter>
    </ClInclude>
  </ItemGroup>
  <ItemGroup>
    <Image Include="res\45.bmp">
      <Filter>Resource Files</Filter>
    </Image>
    <Image Include="res\640626001291264957.bmp">
      <Filter>Resource Files</Filter>
    </Image>
    <Image Include="res\Bg.bmp">
      <Filter>Resource Files</Filter>
    </Image>
    <Image Include="res\Float.bmp">
      <Filter>Resource Files</Filter>
    </Image>
    <Image Include="res\folder_text.ico">
      <Filter>Resource Files</Filter>
    </Image>
    <Image Include="res\logo.bmp">
      <Filter>Resource Files</Filter>
    </Image>
    <Image Include="res\MyName.ico">
      <Filter>Resource Files</Filter>
    </Image>
    <Image Include="res\No3_32x32x256.ico">
      <Filter>Resource Files</Filter>
    </Image>
    <Image Include="res\Ok3_32x32x256.ico">
      <Filter>Resource Files</Filter>
    </Image>
    <Image Include="res\RandLottery.ico">
      <Filter>Resource Files</Filter>
    </Image>
    <Image Include="res\灯笼鞭炮.bmp">
      <Filter>Resource Files</Filter>
    </Image>
    <Image Include="res\灯笼花.bmp">
      <Filter>Resource Files</Filter>
    </Image>
    <Image Include="res\金元宝.bmp">
      <Filter>Resource Files</Filter>
    </Image>
  </ItemGroup>
  <ItemGroup>
    <Text Include="ReadMe.txt" />
  </ItemGroup>
  <ItemGroup>
    <CustomBuild Include="res\RandLottery.rc2">
      <Filter>Resource Files</Filter>
    </CustomBuild>
  </ItemGroup>
</Project>